
Microsoft Visual Studio Solution File, Format Version 12.00
# Visual Studio Version 16
VisualStudioVersion = 16.0.810.7
MinimumVisualStudioVersion = 10.0.40219.1
Project("{FAE04EC0-301F-11D3-BF4B-00C04F79EFBC}") = "Friday.Android", "Friday\Friday.Android\Friday.Android.csproj", "{13200ACE-5533-46C3-AEA5-C07DD0325A41}"
EndProject
Project("{FAE04EC0-301F-11D3-BF4B-00C04F79EFBC}") = "Friday.iOS", "Friday\Friday.iOS\Friday.iOS.csproj", "{E71248CC-60F6-44B0-99A6-96AD8475C49A}"
EndProject
Project("{FAE04EC0-301F-11D3-BF4B-00C04F79EFBC}") = "Friday", "Friday\Friday\Friday.csproj", "{150E0E42-BD96-4FC0-9766-C58489C9541B}"
EndProject
Global
	GlobalSection(SolutionConfigurationPlatforms) = preSolution
		Debug|Any CPU = Debug|Any CPU
		Release|Any CPU = Release|Any CPU
		Debug|iPhoneSimulator = Debug|iPhoneSimulator
		Release|iPhoneSimulator = Release|iPhoneSimulator
		Debug|iPhone = Debug|iPhone
		Release|iPhone = Release|iPhone
	EndGlobalSection
	GlobalSection(ProjectConfigurationPlatforms) = postSolution
		{13200ACE-5533-46C3-AEA5-C07DD0325A41}.Debug|Any CPU.ActiveCfg = Debug|Any CPU
		{13200ACE-5533-46C3-AEA5-C07DD0325A41}.Debug|Any CPU.Build.0 = Debug|Any CPU
		{13200ACE-5533-46C3-AEA5-C07DD0325A41}.Release|Any CPU.ActiveCfg = Release|Any CPU
		{13200ACE-5533-46C3-AEA5-C07DD0325A41}.Release|Any CPU.Build.0 = Release|Any CPU
		{13200ACE-5533-46C3-AEA5-C07DD0325A41}.Debug|iPhoneSimulator.ActiveCfg = Debug|Any CPU
		{13200ACE-5533-46C3-AEA5-C07DD0325A41}.Debug|iPhoneSimulator.Build.0 = Debug|Any CPU
		{13200ACE-5533-46C3-AEA5-C07DD0325A41}.Release|iPhoneSimulator.ActiveCfg = Release|Any CPU
		{13200ACE-5533-46C3-AEA5-C07DD0325A41}.Release|iPhoneSimulator.Build.0 = Release|Any CPU
		{13200ACE-5533-46C3-AEA5-C07DD0325A41}.Debug|iPhone.ActiveCfg = Debug|Any CPU
		{13200ACE-5533-46C3-AEA5-C07DD0325A41}.Debug|iPhone.Build.0 = Debug|Any CPU
		{13200ACE-5533-46C3-AEA5-C07DD0325A41}.Release|iPhone.ActiveCfg = Release|Any CPU
		{13200ACE-5533-46C3-AEA5-C07DD0325A41}.Release|iPhone.Build.0 = Release|Any CPU
		{E71248CC-60F6-44B0-99A6-96AD8475C49A}.Debug|Any CPU.ActiveCfg = Debug|iPhoneSimulator
		{E71248CC-60F6-44B0-99A6-96AD8475C49A}.Debug|Any CPU.Build.0 = Debug|iPhoneSimulator
		{E71248CC-60F6-44B0-99A6-96AD8475C49A}.Release|Any CPU.ActiveCfg = Release|iPhoneSimulator
		{E71248CC-60F6-44B0-99A6-96AD8475C49A}.Release|Any CPU.Build.0 = Release|iPhoneSimulator
		{E71248CC-60F6-44B0-99A6-96AD8475C49A}.Debug|iPhoneSimulator.ActiveCfg = Debug|iPhoneSimulator
		{E71248CC-60F6-44B0-99A6-96AD8475C49A}.Debug|iPhoneSimulator.Build.0 = Debug|iPhoneSimulator
		{E71248CC-60F6-44B0-99A6-96AD8475C49A}.Release|iPhoneSimulator.ActiveCfg = Release|iPhoneSimulator
		{E71248CC-60F6-44B0-99A6-96AD8475C49A}.Release|iPhoneSimulator.Build.0 = Release|iPhoneSimulator
		{E71248CC-60F6-44B0-99A6-96AD8475C49A}.Debug|iPhone.ActiveCfg = Debug|iPhone
		{E71248CC-60F6-44B0-99A6-96AD8475C49A}.Debug|iPhone.Build.0 = Debug|iPhone
		{E71248CC-60F6-44B0-99A6-96AD8475C49A}.Release|iPhone.ActiveCfg = Release|iPhone
		{E71248CC-60F6-44B0-99A6-96AD8475C49A}.Release|iPhone.Build.0 = Release|iPhone
		{150E0E42-BD96-4FC0-9766-C58489C9541B}.Debug|Any CPU.ActiveCfg = Debug|Any CPU
		{150E0E42-BD96-4FC0-9766-C58489C9541B}.Debug|Any CPU.Build.0 = Debug|Any CPU
		{150E0E42-BD96-4FC0-9766-C58489C9541B}.Release|Any CPU.ActiveCfg = Release|Any CPU
		{150E0E42-BD96-4FC0-9766-C58489C9541B}.Release|Any CPU.Build.0 = Release|Any CPU
		{150E0E42-BD96-4FC0-9766-C58489C9541B}.Debug|iPhoneSimulator.ActiveCfg = Debug|Any CPU
		{150E0E42-BD96-4FC0-9766-C58489C9541B}.Debug|iPhoneSimulator.Build.0 = Debug|Any CPU
		{150E0E42-BD96-4FC0-9766-C58489C9541B}.Release|iPhoneSimulator.ActiveCfg = Release|Any CPU
		{150E0E42-BD96-4FC0-9766-C58489C9541B}.Release|iPhoneSimulator.Build.0 = Release|Any CPU
		{150E0E42-BD96-4FC0-9766-C58489C9541B}.Debug|iPhone.ActiveCfg = Debug|Any CPU
		{150E0E42-BD96-4FC0-9766-C58489C9541B}.Debug|iPhone.Build.0 = Debug|Any CPU
		{150E0E42-BD96-4FC0-9766-C58489C9541B}.Release|iPhone.ActiveCfg = Release|Any CPU
		{150E0E42-BD96-4FC0-9766-C58489C9541B}.Release|iPhone.Build.0 = Release|Any CPU
	EndGlobalSection
	GlobalSection(SolutionProperties) = preSolution
		HideSolutionNode = FALSE
	EndGlobalSection
	GlobalSection(ExtensibilityGlobals) = postSolution
		SolutionGuid = {191048AC-5C22-45CE-BDC9-775C3E448F91}
	EndGlobalSection
EndGlobal